
Microsoft Visual Studio Solution File, Format Version 12.00
# Visual Studio Version 17
VisualStudioVersion = 17.10.35027.167
MinimumVisualStudioVersion = 10.0.40219.1
Project("{FAE04EC0-301F-11D3-BF4B-00C04F79EFBC}") = "PR_28", "PR_28\PR_28.csproj", "{D2E39430-FEB8-4A4D-A585-A194882BD505}"
EndProject
Global
	GlobalSection(SolutionConfigurationPlatforms) = preSolution
		Debug|Any CPU = Debug|Any CPU
		Release|Any CPU = Release|Any CPU
	EndGlobalSection
	GlobalSection(ProjectConfigurationPlatforms) = postSolution
		{D2E39430-FEB8-4A4D-A585-A194882BD505}.Debug|Any CPU.ActiveCfg = Debug|Any CPU
		{D2E39430-FEB8-4A4D-A585-A194882BD505}.Debug|Any CPU.Build.0 = Debug|Any CPU
		{D2E39430-FEB8-4A4D-A585-A194882BD505}.Release|Any CPU.ActiveCfg = Release|Any CPU
		{D2E39430-FEB8-4A4D-A585-A194882BD505}.Release|Any CPU.Build.0 = Release|Any CPU
	EndGlobalSection
	GlobalSection(SolutionProperties) = preSolution
		HideSolutionNode = FALSE
	EndGlobalSection
	GlobalSection(ExtensibilityGlobals) = postSolution
		SolutionGuid = {2D922CE6-4186-4CE8-9BC3-8A375867B172}
	EndGlobalSection
EndGlobal
